<?xml version="1.0" encoding="utf-8"?>
<Project ToolsVersion="4.0" xmlns="http://schemas.microsoft.com/developer/msbuild/2003">
  <ItemGroup>
    <ClCompile Include="chess_engine.cpp" />
    <ClCompile Include="modules\game\Piece.cppm">
      <Filter>modules</Filter>
    </ClCompile>
    <ClCompile Include="modules\game\Side.cppm">
      <Filter>modules</Filter>
    </ClCompile>
    <ClCompile Include="modules\game\Board.cppm">
      <Filter>modules</Filter>
    </ClCompile>
    <ClCompile Include="modules\collection\Array.cppm">
      <Filter>modules</Filter>
    </ClCompile>
    <ClCompile Include="modules\type\Util.cppm">
      <Filter>modules</Filter>
    </ClCompile>
    <ClCompile Include="modules\type\Number.cppm">
      <Filter>modules</Filter>
    </ClCompile>
    <ClCompile Include="modules\type\Concept.cppm">
      <Filter>modules</Filter>
    </ClCompile>
    <ClCompile Include="modules\game\Game.cppm">
      <Filter>modules</Filter>
    </ClCompile>
    <ClCompile Include="modules\collection\Vector.cppm">
      <Filter>modules</Filter>
    </ClCompile>
    <ClCompile Include="modules\game\Timeline.cppm">
      <Filter>modules</Filter>
    </ClCompile>
    <ClCompile Include="modules\collection\String.cppm">
      <Filter>modules</Filter>
    </ClCompile>
    <ClCompile Include="modules\io\Console.cppm">
      <Filter>modules</Filter>
    </ClCompile>
    <ClCompile Include="modules\game\Position.cppm">
      <Filter>modules</Filter>
    </ClCompile>
    <ClCompile Include="modules\game\Move.cppm">
      <Filter>modules</Filter>
    </ClCompile>
    <ClCompile Include="modules\game\TimelineIndex.cppm">
      <Filter>modules</Filter>
    </ClCompile>
    <ClCompile Include="modules\collection\MutiBranchTree.cppm">
      <Filter>modules</Filter>
    </ClCompile>
    <ClCompile Include="modules\analysis\MCTSNode.cppm">
      <Filter>modules</Filter>
    </ClCompile>
    <ClCompile Include="modules\math\Math.cppm">
      <Filter>modules</Filter>
    </ClCompile>
    <ClCompile Include="modules\analysis\MCTSTreeContainer.cppm">
      <Filter>modules</Filter>
    </ClCompile>
    <ClCompile Include="modules\collection\Optional.cppm">
      <Filter>modules</Filter>
    </ClCompile>
    <ClCompile Include="modules\collection\Pair.cppm">
      <Filter>modules</Filter>
    </ClCompile>
    <ClCompile Include="modules\collection\Map.cppm">
      <Filter>modules</Filter>
    </ClCompile>
  </ItemGroup>
  <ItemGroup>
    <Filter Include="modules">
      <UniqueIdentifier>{3e2bcc67-1940-455d-bd66-452a125dd68f}</UniqueIdentifier>
    </Filter>
  </ItemGroup>
</Project>